<?xml version="1.0" encoding="utf-8"?>
<Project ToolsVersion="4.0" xmlns="http://schemas.microsoft.com/developer/msbuild/2003">
  <ItemGroup>
    <Filter Include="Source Files">
      <UniqueIdentifier>{4FC737F1-C7A5-4376-A066-2A32D752A2FF}</UniqueIdentifier>
      <Extensions>cpp;c;cc;cxx;c++;cppm;ixx;def;odl;idl;hpj;bat;asm;asmx</Extensions>
    </Filter>
    <Filter Include="Header Files">
      <UniqueIdentifier>{93995380-89BD-4b04-88EB-625FBE52EBFB}</UniqueIdentifier>
      <Extensions>h;hh;hpp;hxx;h++;hm;inl;inc;ipp;xsd</Extensions>
    </Filter>
    <Filter Include="Resource Files">
      <UniqueIdentifier>{67DA6AB6-F800-4c08-8B7A-83BB121AAD01}</UniqueIdentifier>
      <Extensions>rc;ico;cur;bmp;dlg;rc2;rct;bin;rgs;gif;jpg;jpeg;jpe;resx;tiff;tif;png;wav;mfcribbon-ms</Extensions>
    </Filter>
  </ItemGroup>
  <ItemGroup>
    <ClCompile Include="Main.cpp">
      <Filter>Source Files</Filter>
    </ClCompile>
    <ClCompile Include="HealthComponent.cpp">
      <Filter>Source Files</Filter>
    </ClCompile>
    <ClCompile Include="HUDDisplay.cpp">
      <Filter>Source Files</Filter>
    </ClCompile>
    <ClCompile Include="RotatorComponent.cpp">
      <Filter>Source Files</Filter>
    </ClCompile>
    <ClCompile Include="ScoreComponent.cpp">
      <Filter>Source Files</Filter>
    </ClCompile>
    <ClCompile Include="TileComponent.cpp">
      <Filter>Source Files</Filter>
    </ClCompile>
    <ClCompile Include="LevelLoader.cpp">
      <Filter>Source Files</Filter>
    </ClCompile>
    <ClCompile Include="SpriteAnimatorComponent.cpp">
      <Filter>Source Files</Filter>
    </ClCompile>
    <ClCompile Include="GridOutlineComponent.cpp">
      <Filter>Source Files</Filter>
    </ClCompile>
    <ClCompile Include="TileTrackerComponent.cpp">
      <Filter>Source Files</Filter>
    </ClCompile>
    <ClCompile Include="TileManagerComponent.cpp">
      <Filter>Source Files</Filter>
    </ClCompile>
    <ClCompile Include="MoneyBagComponent.cpp">
      <Filter>Source Files</Filter>
    </ClCompile>
    <ClCompile Include="IdleState.cpp">
      <Filter>Source Files</Filter>
    </ClCompile>
    <ClCompile Include="FallingState.cpp">
      <Filter>Source Files</Filter>
    </ClCompile>
    <ClCompile Include="BreakingState.cpp">
      <Filter>Source Files</Filter>
    </ClCompile>
    <ClCompile Include="CollectableState.cpp">
      <Filter>Source Files</Filter>
    </ClCompile>
    <ClCompile Include="LevelManagerComponent.cpp">
      <Filter>Source Files</Filter>
    </ClCompile>
    <ClCompile Include="GemComponent.cpp">
      <Filter>Source Files</Filter>
    </ClCompile>
    <ClCompile Include="GameObjectFactory.cpp">
      <Filter>Source Files</Filter>
    </ClCompile>
    <ClCompile Include="NobbinControllerComponent.cpp">
      <Filter>Source Files</Filter>
    </ClCompile>
    <ClCompile Include="AIUtils.cpp">
      <Filter>Source Files</Filter>
    </ClCompile>
    <ClCompile Include="NobbinComponent.cpp">
      <Filter>Source Files</Filter>
    </ClCompile>
  </ItemGroup>
  <ItemGroup>
    <ClInclude Include="HealthComponent.h">
      <Filter>Header Files</Filter>
    </ClInclude>
    <ClInclude Include="HUDDisplay.h">
      <Filter>Header Files</Filter>
    </ClInclude>
    <ClInclude Include="RotatorComponent.h">
      <Filter>Header Files</Filter>
    </ClInclude>
    <ClInclude Include="ScoreComponent.h">
      <Filter>Header Files</Filter>
    </ClInclude>
    <ClInclude Include="GameCommands.h">
      <Filter>Header Files</Filter>
    </ClInclude>
    <ClInclude Include="TileTypes.h">
      <Filter>Header Files</Filter>
    </ClInclude>
    <ClInclude Include="TileComponent.h">
      <Filter>Header Files</Filter>
    </ClInclude>
    <ClInclude Include="LevelLoader.h">
      <Filter>Header Files</Filter>
    </ClInclude>
    <ClInclude Include="AnimationState.h">
      <Filter>Header Files</Filter>
    </ClInclude>
    <ClInclude Include="SpriteAnimatorComponent.h">
      <Filter>Header Files</Filter>
    </ClInclude>
    <ClInclude Include="GridOutlineComponent.h">
      <Filter>Header Files</Filter>
    </ClInclude>
    <ClInclude Include="TileTrackerComponent.h">
      <Filter>Header Files</Filter>
    </ClInclude>
    <ClInclude Include="GridSettings.h">
      <Filter>Header Files</Filter>
    </ClInclude>
    <ClInclude Include="TileManagerComponent.h">
      <Filter>Header Files</Filter>
    </ClInclude>
    <ClInclude Include="MoneyBagState.h">
      <Filter>Header Files</Filter>
    </ClInclude>
    <ClInclude Include="MoneyBagComponent.h">
      <Filter>Header Files</Filter>
    </ClInclude>
    <ClInclude Include="IdleState.h">
      <Filter>Header Files</Filter>
    </ClInclude>
    <ClInclude Include="FallingState.h">
      <Filter>Header Files</Filter>
    </ClInclude>
    <ClInclude Include="BreakingState.h">
      <Filter>Header Files</Filter>
    </ClInclude>
    <ClInclude Include="CollectableState.h">
      <Filter>Header Files</Filter>
    </ClInclude>
    <ClInclude Include="LevelManagerComponent.h">
      <Filter>Header Files</Filter>
    </ClInclude>
    <ClInclude Include="GemComponent.h">
      <Filter>Header Files</Filter>
    </ClInclude>
    <ClInclude Include="GameObjectFactory.h">
      <Filter>Header Files</Filter>
    </ClInclude>
    <ClInclude Include="NobbinControllerComponent.h">
      <Filter>Header Files</Filter>
    </ClInclude>
    <ClInclude Include="AIUtils.h">
      <Filter>Header Files</Filter>
    </ClInclude>
    <ClInclude Include="NobbinComponent.h">
      <Filter>Header Files</Filter>
    </ClInclude>
  </ItemGroup>
</Project>